Microsoft Visual Studio Solution File, Format Version 12.00
# Visual Studio 2015
Project("{FAE04EC0-301F-11D3-BF4B-00C04F79EFBC}") = "CT vs T", "CT vs T.csproj", "{FFDF8913-EE81-E2F7-A90D-2419DBCFDA77}"
EndProject
Project("{FAE04EC0-301F-11D3-BF4B-00C04F79EFBC}") = "CT vs T.Editor", "CT vs T.Editor.csproj", "{9A709940-263E-43A6-5C64-294566F12F4F}"
EndProject
Global
	GlobalSection(SolutionConfigurationPlatforms) = preSolution
		Debug|Any CPU = Debug|Any CPU
		Release|Any CPU = Release|Any CPU
	EndGlobalSection
	GlobalSection(ProjectConfigurationPlatforms) = postSolution
		{FFDF8913-EE81-E2F7-A90D-2419DBCFDA77}.Debug|Any CPU.ActiveCfg = Debug|Any CPU
		{FFDF8913-EE81-E2F7-A90D-2419DBCFDA77}.Debug|Any CPU.Build.0 = Debug|Any CPU
		{FFDF8913-EE81-E2F7-A90D-2419DBCFDA77}.Release|Any CPU.ActiveCfg = Release|Any CPU
		{FFDF8913-EE81-E2F7-A90D-2419DBCFDA77}.Release|Any CPU.Build.0 = Release|Any CPU
		{9A709940-263E-43A6-5C64-294566F12F4F}.Debug|Any CPU.ActiveCfg = Debug|Any CPU
		{9A709940-263E-43A6-5C64-294566F12F4F}.Debug|Any CPU.Build.0 = Debug|Any CPU
		{9A709940-263E-43A6-5C64-294566F12F4F}.Release|Any CPU.ActiveCfg = Release|Any CPU
		{9A709940-263E-43A6-5C64-294566F12F4F}.Release|Any CPU.Build.0 = Release|Any CPU
	EndGlobalSection
EndGlobal
